{
  "name": "12-oauth4webapi",
  "lockfileVersion": 2,
  "requires": true,
  "packages": {
    "": {
      "dependencies": {
        "oauth4webapi": "^2.3.0"
      }
    },
    "node_modules/oauth4webapi": {
      "version": "2.3.0",
      "resolved": "https://registry.npmjs.org/oauth4webapi/-/oauth4webapi-2.3.0.tgz",
      "integrity": "sha512-JGkb5doGrwzVDuHwgrR4nHJayzN4h59VCed6EW8Tql6iHDfZIabCJvg6wtbn5q6pyB2hZruI3b77Nudvq7NmvA==",
      "funding": {
        "url": "https://github.com/sponsors/panva"
      }
    }
  },
  "dependencies": {
    "oauth4webapi": {
      "version": "2.3.0",
      "resolved": "https://registry.npmjs.org/oauth4webapi/-/oauth4webapi-2.3.0.tgz",
      "integrity": "sha512-JGkb5doGrwzVDuHwgrR4nHJayzN4h59VCed6EW8Tql6iHDfZIabCJvg6wtbn5q6pyB2hZruI3b77Nudvq7NmvA=="
    }
  }
}
